
Microsoft Visual Studio Solution File, Format Version 12.00
# Visual Studio Express 14 for Windows Desktop
VisualStudioVersion = 14.0.25420.1
MinimumVisualStudioVersion = 10.0.40219.1
Project("{FAE04EC0-301F-11D3-BF4B-00C04F79EFBC}") = "The_Power_Sum", "The_Power_Sum\The_Power_Sum.csproj", "{446D6000-7DA6-4E9A-8056-C0D4E09E881C}"
EndProject
Global
	GlobalSection(SolutionConfigurationPlatforms) = preSolution
		Debug|Any CPU = Debug|Any CPU
		Release|Any CPU = Release|Any CPU
	EndGlobalSection
	GlobalSection(ProjectConfigurationPlatforms) = postSolution
		{446D6000-7DA6-4E9A-8056-C0D4E09E881C}.Debug|Any CPU.ActiveCfg = Debug|Any CPU
		{446D6000-7DA6-4E9A-8056-C0D4E09E881C}.Debug|Any CPU.Build.0 = Debug|Any CPU
		{446D6000-7DA6-4E9A-8056-C0D4E09E881C}.Release|Any CPU.ActiveCfg = Release|Any CPU
		{446D6000-7DA6-4E9A-8056-C0D4E09E881C}.Release|Any CPU.Build.0 = Release|Any CPU
	EndGlobalSection
	GlobalSection(SolutionProperties) = preSolution
		HideSolutionNode = FALSE
	EndGlobalSection
EndGlobal
