
Microsoft Visual Studio Solution File, Format Version 12.00
# Visual Studio Express 14 for Windows Desktop
VisualStudioVersion = 14.0.25420.1
MinimumVisualStudioVersion = 10.0.40219.1
Project("{FAE04EC0-301F-11D3-BF4B-00C04F79EFBC}") = "Arrays_Left_Rotation", "Arrays_Left_Rotation\Arrays_Left_Rotation.csproj", "{31F492DE-1DD7-45AF-BBA5-1E08717F7434}"
EndProject
Global
	GlobalSection(SolutionConfigurationPlatforms) = preSolution
		Debug|Any CPU = Debug|Any CPU
		Release|Any CPU = Release|Any CPU
	EndGlobalSection
	GlobalSection(ProjectConfigurationPlatforms) = postSolution
		{31F492DE-1DD7-45AF-BBA5-1E08717F7434}.Debug|Any CPU.ActiveCfg = Debug|Any CPU
		{31F492DE-1DD7-45AF-BBA5-1E08717F7434}.Debug|Any CPU.Build.0 = Debug|Any CPU
		{31F492DE-1DD7-45AF-BBA5-1E08717F7434}.Release|Any CPU.ActiveCfg = Release|Any CPU
		{31F492DE-1DD7-45AF-BBA5-1E08717F7434}.Release|Any CPU.Build.0 = Release|Any CPU
	EndGlobalSection
	GlobalSection(SolutionProperties) = preSolution
		HideSolutionNode = FALSE
	EndGlobalSection
EndGlobal
